<?xml version="1.0" encoding="utf-8"?>
<Project ToolsVersion="4.0" xmlns="http://schemas.microsoft.com/developer/msbuild/2003">
  <ItemGroup>
    <ClCompile Include="source\main.cpp" />
    <ClCompile Include="source\screen_manager.cpp" />
    <ClCompile Include="source\title_resource.cpp" />
    <ClCompile Include="source\opening.cpp" />
    <ClCompile Include="source\title.cpp" />
    <ClCompile Include="source\garage.cpp" />
    <ClCompile Include="source\debug.cpp" />
    <ClCompile Include="source\game_data.cpp" />
    <ClCompile Include="source\dealer.cpp" />
    <ClCompile Include="source\customize.cpp" />
    <ClCompile Include="source\game_screen.cpp" />
    <ClCompile Include="source\car_data.cpp" />
    <ClCompile Include="source\parts_data.cpp" />
    <ClCompile Include="source\result.cpp" />
    <ClCompile Include="source\manager\resourceManager.cpp" />
    <ClCompile Include="source\share.cpp" />
    <ClCompile Include="source\car_engine\car_engine.cpp" />
    <ClCompile Include="source\car_meter\car_meter.cpp" />
    <ClCompile Include="source\car_meter\gauge_base.cpp" />
    <ClCompile Include="source\input\key_input.cpp" />
    <ClCompile Include="source\input\debug_input.cpp" />
    <ClCompile Include="source\input\title_input.cpp" />
    <ClCompile Include="source\input\garage_input.cpp" />
    <ClCompile Include="source\input\dealer_input.cpp" />
    <ClCompile Include="source\input\customize_input.cpp" />
    <ClCompile Include="source\input\result_input.cpp" />
  </ItemGroup>
  <ItemGroup>
    <ClInclude Include="source\main.h" />
    <ClInclude Include="source\typedef.h" />
    <ClInclude Include="source\screen_manager.h" />
    <ClInclude Include="source\title_resource.h" />
    <ClInclude Include="source\opening.h" />
    <ClInclude Include="source\title.h" />
    <ClInclude Include="source\garage.h" />
    <ClInclude Include="source\debug.h" />
    <ClInclude Include="source\parts_data.h" />
    <ClInclude Include="source\game_data.h" />
    <ClInclude Include="source\dealer.h" />
    <ClInclude Include="source\customize.h" />
    <ClInclude Include="source\game_screen.h" />
    <ClInclude Include="source\car_data.h" />
    <ClInclude Include="source\result.h" />
    <ClInclude Include="source\manager\resourceManager.h" />
    <ClInclude Include="source\const.h" />
    <ClInclude Include="source\share.h" />
    <ClInclude Include="source\car_engine\car_engine.h" />
    <ClInclude Include="source\car_meter\car_meter.h" />
    <ClInclude Include="source\car_engine\car_engine_data.h" />
    <ClInclude Include="source\car_meter\gauge_base.h" />
    <ClInclude Include="source\input\key_input.h" />
    <ClInclude Include="source\input\debug_input.h" />
    <ClInclude Include="source\input\title_input.h" />
    <ClInclude Include="source\input\garage_input.h" />
    <ClInclude Include="source\input\dealer_input.h" />
    <ClInclude Include="source\input\customize_input.h" />
    <ClInclude Include="source\input\result_input.h" />
  </ItemGroup>
</Project>